schema: '2.0'
stages:
  load_data:
    cmd: python3 src/load_data.py --config=params.yaml
    deps:
    - path: data_given/winequality.csv
      hash: md5
      md5: ccc8d3507eb151f53f760d36abdef888
      size: 91998
    - path: src/get_data.py
      hash: md5
      md5: 29eb7247ce8465e85d86412e6d441598
      size: 646
    - path: src/load_data.py
      hash: md5
      md5: d182fdd352ac8c2ff834d4040642a301
      size: 644
    outs:
    - path: data/raw/winequality.csv
      hash: md5
      md5: d98e8f2eca228c11c4de1cc96866a54d
      size: 91998
  split_data:
    cmd: python3 src/split_data.py --config=params.yaml
    deps:
    - path: data/raw/winequality.csv
      hash: md5
      md5: d98e8f2eca228c11c4de1cc96866a54d
      size: 91998
    - path: src/split_data.py
      hash: md5
      md5: daf2881bb0182125b4dccfb738a5a6df
      size: 1062
    outs:
    - path: data/processed/test_winequality.csv
      hash: md5
      md5: 01718da3bd6e206060ed00667ca1a389
      size: 18510
    - path: data/processed/train_winequality.csv
      hash: md5
      md5: 4bccf4d668cdc60115de42ba74d416ab
      size: 73633
  train_and_evaluate:
    cmd: python3 src/train_and_evaluate.py --config=params.yaml
    deps:
    - path: data/processed/test_winequality.csv
      hash: md5
      md5: 01718da3bd6e206060ed00667ca1a389
      size: 18510
    - path: data/processed/train_winequality.csv
      hash: md5
      md5: 4bccf4d668cdc60115de42ba74d416ab
      size: 73633
    - path: src/train_and_evaluate.py
      hash: md5
      md5: f504e0d47fd8f090c5c05e62dc90c450
      size: 2789
    params:
      params.yaml:
        estimators.ElasticNet.params.alpha: 0.9
        estimators.ElasticNet.params.l1_ratio: 0.4
